
Microsoft Visual Studio Solution File, Format Version 12.00
Project("{FAE04EC0-301F-11D3-BF4B-00C04F79EFBC}") = "FarmerPortraits", "FarmerPortraits\FarmerPortraits.csproj", "{FF803C20-BFFA-44AF-AD2B-E156B5F45045}"
EndProject
Project("{FAE04EC0-301F-11D3-BF4B-00C04F79EFBC}") = "CustomMonsterFloors", "CustomMonsterFloors\CustomMonsterFloors.csproj", "{195C8D02-CEBA-41EA-A6E8-76A04CCF1C9D}"
EndProject
Global
	GlobalSection(SolutionConfigurationPlatforms) = preSolution
		Debug|Any CPU = Debug|Any CPU
		Release|Any CPU = Release|Any CPU
	EndGlobalSection
	GlobalSection(ProjectConfigurationPlatforms) = postSolution
		{FF803C20-BFFA-44AF-AD2B-E156B5F45045}.Debug|Any CPU.ActiveCfg = Debug|Any CPU
		{FF803C20-BFFA-44AF-AD2B-E156B5F45045}.Debug|Any CPU.Build.0 = Debug|Any CPU
		{FF803C20-BFFA-44AF-AD2B-E156B5F45045}.Release|Any CPU.ActiveCfg = Release|Any CPU
		{FF803C20-BFFA-44AF-AD2B-E156B5F45045}.Release|Any CPU.Build.0 = Release|Any CPU
		{195C8D02-CEBA-41EA-A6E8-76A04CCF1C9D}.Debug|Any CPU.ActiveCfg = Debug|Any CPU
		{195C8D02-CEBA-41EA-A6E8-76A04CCF1C9D}.Debug|Any CPU.Build.0 = Debug|Any CPU
		{195C8D02-CEBA-41EA-A6E8-76A04CCF1C9D}.Release|Any CPU.ActiveCfg = Release|Any CPU
		{195C8D02-CEBA-41EA-A6E8-76A04CCF1C9D}.Release|Any CPU.Build.0 = Release|Any CPU
	EndGlobalSection
EndGlobal
